
Microsoft Visual Studio Solution File, Format Version 12.00
# Visual Studio Version 17
VisualStudioVersion = 17.10.35027.167
MinimumVisualStudioVersion = 10.0.40219.1
Project("{FAE04EC0-301F-11D3-BF4B-00C04F79EFBC}") = "SchoolProject.API", "SchoolProject.API\SchoolProject.API.csproj", "{ABA2283C-1300-4F86-B47B-6F408EA4A8C3}"
EndProject
Global
	GlobalSection(SolutionConfigurationPlatforms) = preSolution
		Debug|Any CPU = Debug|Any CPU
		Release|Any CPU = Release|Any CPU
	EndGlobalSection
	GlobalSection(ProjectConfigurationPlatforms) = postSolution
		{ABA2283C-1300-4F86-B47B-6F408EA4A8C3}.Debug|Any CPU.ActiveCfg = Debug|Any CPU
		{ABA2283C-1300-4F86-B47B-6F408EA4A8C3}.Debug|Any CPU.Build.0 = Debug|Any CPU
		{ABA2283C-1300-4F86-B47B-6F408EA4A8C3}.Release|Any CPU.ActiveCfg = Release|Any CPU
		{ABA2283C-1300-4F86-B47B-6F408EA4A8C3}.Release|Any CPU.Build.0 = Release|Any CPU
	EndGlobalSection
	GlobalSection(SolutionProperties) = preSolution
		HideSolutionNode = FALSE
	EndGlobalSection
	GlobalSection(ExtensibilityGlobals) = postSolution
		SolutionGuid = {3D281EE2-7DB1-4762-9411-08E27D6FC236}
	EndGlobalSection
EndGlobal
